
Microsoft Visual Studio Solution File, Format Version 12.00
# Visual Studio Version 17
VisualStudioVersion = 17.0.31919.166
MinimumVisualStudioVersion = 10.0.40219.1
Project("{8BC9CEB8-8B4A-11D0-8D11-00A0C91BC942}") = "Lab3", "Lab3\Lab3.vcxproj", "{344C20FF-C956-43F8-9BD4-97CAB8C7615B}"
EndProject
Project("{8BC9CEB8-8B4A-11D0-8D11-00A0C91BC942}") = "UnitTest3", "UnitTest3\UnitTest3.vcxproj", "{2AC665B3-7943-4B4B-A240-AB4C261B8CD4}"
EndProject
Global
	GlobalSection(SolutionConfigurationPlatforms) = preSolution
		Debug|x64 = Debug|x64
		Debug|x86 = Debug|x86
		Release|x64 = Release|x64
		Release|x86 = Release|x86
	EndGlobalSection
	GlobalSection(ProjectConfigurationPlatforms) = postSolution
		{344C20FF-C956-43F8-9BD4-97CAB8C7615B}.Debug|x64.ActiveCfg = Debug|x64
		{344C20FF-C956-43F8-9BD4-97CAB8C7615B}.Debug|x64.Build.0 = Debug|x64
		{344C20FF-C956-43F8-9BD4-97CAB8C7615B}.Debug|x86.ActiveCfg = Debug|Win32
		{344C20FF-C956-43F8-9BD4-97CAB8C7615B}.Debug|x86.Build.0 = Debug|Win32
		{344C20FF-C956-43F8-9BD4-97CAB8C7615B}.Release|x64.ActiveCfg = Release|x64
		{344C20FF-C956-43F8-9BD4-97CAB8C7615B}.Release|x64.Build.0 = Release|x64
		{344C20FF-C956-43F8-9BD4-97CAB8C7615B}.Release|x86.ActiveCfg = Release|Win32
		{344C20FF-C956-43F8-9BD4-97CAB8C7615B}.Release|x86.Build.0 = Release|Win32
		{2AC665B3-7943-4B4B-A240-AB4C261B8CD4}.Debug|x64.ActiveCfg = Debug|x64
		{2AC665B3-7943-4B4B-A240-AB4C261B8CD4}.Debug|x64.Build.0 = Debug|x64
		{2AC665B3-7943-4B4B-A240-AB4C261B8CD4}.Debug|x86.ActiveCfg = Debug|Win32
		{2AC665B3-7943-4B4B-A240-AB4C261B8CD4}.Debug|x86.Build.0 = Debug|Win32
		{2AC665B3-7943-4B4B-A240-AB4C261B8CD4}.Release|x64.ActiveCfg = Release|x64
		{2AC665B3-7943-4B4B-A240-AB4C261B8CD4}.Release|x64.Build.0 = Release|x64
		{2AC665B3-7943-4B4B-A240-AB4C261B8CD4}.Release|x86.ActiveCfg = Release|Win32
		{2AC665B3-7943-4B4B-A240-AB4C261B8CD4}.Release|x86.Build.0 = Release|Win32
	EndGlobalSection
	GlobalSection(SolutionProperties) = preSolution
		HideSolutionNode = FALSE
	EndGlobalSection
	GlobalSection(ExtensibilityGlobals) = postSolution
		SolutionGuid = {196CC296-A468-419D-9809-6E004A8E90AF}
	EndGlobalSection
EndGlobal
